// !$*UTF8*$!
{
	archiveVersion = 1;
	classes = {
	};
	objectVersion = 50;
	objects = {

/* Begin PBXBuildFile section */
		D9ADCCEC24C79ABA00F559AB /* WeekView.swift in Sources */ = {isa = PBXBuildFile; fileRef = D9ADCCEB24C79ABA00F559AB /* WeekView.swift */; };
		D9ED4B8524C3BDE600F2094D /* DailyScheduleApp.swift in Sources */ = {isa = PBXBuildFile; fileRef = D9ED4B8424C3BDE600F2094D /* DailyScheduleApp.swift */; };
		D9ED4B8924C3BDE700F2094D /* Assets.xcassets in Resources */ = {isa = PBXBuildFile; fileRef = D9ED4B8824C3BDE700F2094D /* Assets.xcassets */; };
		D9ED4B8C24C3BDE700F2094D /* Preview Assets.xcassets in Resources */ = {isa = PBXBuildFile; fileRef = D9ED4B8B24C3BDE700F2094D /* Preview Assets.xcassets */; };
		D9ED4B9724C3BDE800F2094D /* DailyScheduleTests.swift in Sources */ = {isa = PBXBuildFile; fileRef = D9ED4B9624C3BDE800F2094D /* DailyScheduleTests.swift */; };
		D9ED4BA224C3BDE800F2094D /* DailyScheduleUITests.swift in Sources */ = {isa = PBXBuildFile; fileRef = D9ED4BA124C3BDE800F2094D /* DailyScheduleUITests.swift */; };
		D9ED4BB024C3BF5C00F2094D /* Day.swift in Sources */ = {isa = PBXBuildFile; fileRef = D9ED4BAF24C3BF5C00F2094D /* Day.swift */; };
		D9ED4BB224C3BF7B00F2094D /* Event.swift in Sources */ = {isa = PBXBuildFile; fileRef = D9ED4BB124C3BF7B00F2094D /* Event.swift */; };
		D9ED4BB424C3C6FF00F2094D /* DayModel.swift in Sources */ = {isa = PBXBuildFile; fileRef = D9ED4BB324C3C6FF00F2094D /* DayModel.swift */; };
		D9ED4BB824C3C84100F2094D /* EventView.swift in Sources */ = {isa = PBXBuildFile; fileRef = D9ED4BB724C3C84100F2094D /* EventView.swift */; };
		D9ED4BBA24C3CBE600F2094D /* DayView.swift in Sources */ = {isa = PBXBuildFile; fileRef = D9ED4BB924C3CBE600F2094D /* DayView.swift */; };
		D9ED4BBC24C3D6FC00F2094D /* LabelWorkaround.swift in Sources */ = {isa = PBXBuildFile; fileRef = D9ED4BBB24C3D6FC00F2094D /* LabelWorkaround.swift */; };
		D9ED4BC424C3D7CF00F2094D /* WidgetKit.framework in Frameworks */ = {isa = PBXBuildFile; fileRef = D9ED4BC324C3D7CF00F2094D /* WidgetKit.framework */; };
		D9ED4BC624C3D7CF00F2094D /* SwiftUI.framework in Frameworks */ = {isa = PBXBuildFile; fileRef = D9ED4BC524C3D7CF00F2094D /* SwiftUI.framework */; };
		D9ED4BC924C3D7CF00F2094D /* DailyScheduleWidget.swift in Sources */ = {isa = PBXBuildFile; fileRef = D9ED4BC824C3D7CF00F2094D /* DailyScheduleWidget.swift */; };
		D9ED4BCC24C3D7D000F2094D /* Assets.xcassets in Resources */ = {isa = PBXBuildFile; fileRef = D9ED4BCB24C3D7D000F2094D /* Assets.xcassets */; };
		D9ED4BCE24C3D7D000F2094D /* DailyScheduleWidget.intentdefinition in Sources */ = {isa = PBXBuildFile; fileRef = D9ED4BCA24C3D7CF00F2094D /* DailyScheduleWidget.intentdefinition */; };
		D9ED4BCF24C3D7D000F2094D /* DailyScheduleWidget.intentdefinition in Sources */ = {isa = PBXBuildFile; fileRef = D9ED4BCA24C3D7CF00F2094D /* DailyScheduleWidget.intentdefinition */; };
		D9ED4BD224C3D7D000F2094D /* DailyScheduleWidgetExtension.appex in Embed App Extensions */ = {isa = PBXBuildFile; fileRef = D9ED4BC124C3D7CF00F2094D /* DailyScheduleWidgetExtension.appex */; settings = {ATTRIBUTES = (RemoveHeadersOnCopy, ); }; };
		D9ED4BD924C3DA4B00F2094D /* EventView.swift in Sources */ = {isa = PBXBuildFile; fileRef = D9ED4BB724C3C84100F2094D /* EventView.swift */; };
		D9ED4BDA24C3DA4B00F2094D /* Event.swift in Sources */ = {isa = PBXBuildFile; fileRef = D9ED4BB124C3BF7B00F2094D /* Event.swift */; };
		D9ED4BDB24C3DA4B00F2094D /* Day.swift in Sources */ = {isa = PBXBuildFile; fileRef = D9ED4BAF24C3BF5C00F2094D /* Day.swift */; };
		D9ED4BDC24C3DA4B00F2094D /* DayModel.swift in Sources */ = {isa = PBXBuildFile; fileRef = D9ED4BB324C3C6FF00F2094D /* DayModel.swift */; };
		D9ED4BDE24C3E22600F2094D /* LabelWorkaround.swift in Sources */ = {isa = PBXBuildFile; fileRef = D9ED4BBB24C3D6FC00F2094D /* LabelWorkaround.swift */; };
		D9ED4BE024C3E99900F2094D /* Color.swift in Sources */ = {isa = PBXBuildFile; fileRef = D9ED4BDF24C3E99900F2094D /* Color.swift */; };
		D9ED4BE124C3EA4B00F2094D /* Color.swift in Sources */ = {isa = PBXBuildFile; fileRef = D9ED4BDF24C3E99900F2094D /* Color.swift */; };
		D9ED4BE324C50B6300F2094D /* NotificationHandler.swift in Sources */ = {isa = PBXBuildFile; fileRef = D9ED4BE224C50B6300F2094D /* NotificationHandler.swift */; };
/* End PBXBuildFile section */

/* Begin PBXContainerItemProxy section */
		D9ED4B9324C3BDE800F2094D /* PBXContainerItemProxy */ = {
			isa = PBXContainerItemProxy;
			containerPortal = D9ED4B7924C3BDE600F2094D /* Project object */;
			proxyType = 1;
			remoteGlobalIDString = D9ED4B8024C3BDE600F2094D;
			remoteInfo = DailySchedule;
		};
		D9ED4B9E24C3BDE800F2094D /* PBXContainerItemProxy */ = {
			isa = PBXContainerItemProxy;
			containerPortal = D9ED4B7924C3BDE600F2094D /* Project object */;
			proxyType = 1;
			remoteGlobalIDString = D9ED4B8024C3BDE600F2094D;
			remoteInfo = DailySchedule;
		};
		D9ED4BD024C3D7D000F2094D /* PBXContainerItemProxy */ = {
			isa = PBXContainerItemProxy;
			containerPortal = D9ED4B7924C3BDE600F2094D /* Project object */;
			proxyType = 1;
			remoteGlobalIDString = D9ED4BC024C3D7CF00F2094D;
			remoteInfo = DailyScheduleWidgetExtension;
		};
/* End PBXContainerItemProxy section */

/* Begin PBXCopyFilesBuildPhase section */
		D9ED4BD624C3D7D000F2094D /* Embed App Extensions */ = {
			isa = PBXCopyFilesBuildPhase;
			buildActionMask = 12;
			dstPath = "";
			dstSubfolderSpec = 13;
			files = (
				D9ED4BD224C3D7D000F2094D /* DailyScheduleWidgetExtension.appex in Embed App Extensions */,
			);
			name = "Embed App Extensions";
			runOnlyForDeploymentPostprocessing = 0;
		};
/* End PBXCopyFilesBuildPhase section */

/* Begin PBXFileReference section */
		D9ADCCEB24C79ABA00F559AB /* WeekView.swift */ = {isa = PBXFileReference; lastKnownFileType = sourcecode.swift; path = WeekView.swift; sourceTree = "<group>"; };
		D9ED4B8124C3BDE600F2094D /* DailySchedule.app */ = {isa = PBXFileReference; explicitFileType = wrapper.application; includeInIndex = 0; path = DailySchedule.app; sourceTree = BUILT_PRODUCTS_DIR; };
		D9ED4B8424C3BDE600F2094D /* DailyScheduleApp.swift */ = {isa = PBXFileReference; lastKnownFileType = sourcecode.swift; path = DailyScheduleApp.swift; sourceTree = "<group>"; };
		D9ED4B8824C3BDE700F2094D /* Assets.xcassets */ = {isa = PBXFileReference; lastKnownFileType = folder.assetcatalog; path = Assets.xcassets; sourceTree = "<group>"; };
		D9ED4B8B24C3BDE700F2094D /* Preview Assets.xcassets */ = {isa = PBXFileReference; lastKnownFileType = folder.assetcatalog; path = "Preview Assets.xcassets"; sourceTree = "<group>"; };
		D9ED4B8D24C3BDE700F2094D /* Info.plist */ = {isa = PBXFileReference; lastKnownFileType = text.plist.xml; path = Info.plist; sourceTree = "<group>"; };
		D9ED4B9224C3BDE800F2094D /* DailyScheduleTests.xctest */ = {isa = PBXFileReference; explicitFileType = wrapper.cfbundle; includeInIndex = 0; path = DailyScheduleTests.xctest; sourceTree = BUILT_PRODUCTS_DIR; };
		D9ED4B9624C3BDE800F2094D /* DailyScheduleTests.swift */ = {isa = PBXFileReference; lastKnownFileType = sourcecode.swift; path = DailyScheduleTests.swift; sourceTree = "<group>"; };
		D9ED4B9824C3BDE800F2094D /* Info.plist */ = {isa = PBXFileReference; lastKnownFileType = text.plist.xml; path = Info.plist; sourceTree = "<group>"; };
		D9ED4B9D24C3BDE800F2094D /* DailyScheduleUITests.xctest */ = {isa = PBXFileReference; explicitFileType = wrapper.cfbundle; includeInIndex = 0; path = DailyScheduleUITests.xctest; sourceTree = BUILT_PRODUCTS_DIR; };
		D9ED4BA124C3BDE800F2094D /* DailyScheduleUITests.swift */ = {isa = PBXFileReference; lastKnownFileType = sourcecode.swift; path = DailyScheduleUITests.swift; sourceTree = "<group>"; };
		D9ED4BA324C3BDE800F2094D /* Info.plist */ = {isa = PBXFileReference; lastKnownFileType = text.plist.xml; path = Info.plist; sourceTree = "<group>"; };
		D9ED4BAF24C3BF5C00F2094D /* Day.swift */ = {isa = PBXFileReference; lastKnownFileType = sourcecode.swift; path = Day.swift; sourceTree = "<group>"; };
		D9ED4BB124C3BF7B00F2094D /* Event.swift */ = {isa = PBXFileReference; lastKnownFileType = sourcecode.swift; path = Event.swift; sourceTree = "<group>"; };
		D9ED4BB324C3C6FF00F2094D /* DayModel.swift */ = {isa = PBXFileReference; lastKnownFileType = sourcecode.swift; path = DayModel.swift; sourceTree = "<group>"; };
		D9ED4BB724C3C84100F2094D /* EventView.swift */ = {isa = PBXFileReference; lastKnownFileType = sourcecode.swift; path = EventView.swift; sourceTree = "<group>"; };
		D9ED4BB924C3CBE600F2094D /* DayView.swift */ = {isa = PBXFileReference; lastKnownFileType = sourcecode.swift; path = DayView.swift; sourceTree = "<group>"; };
		D9ED4BBB24C3D6FC00F2094D /* LabelWorkaround.swift */ = {isa = PBXFileReference; lastKnownFileType = sourcecode.swift; path = LabelWorkaround.swift; sourceTree = "<group>"; };
		D9ED4BC124C3D7CF00F2094D /* DailyScheduleWidgetExtension.appex */ = {isa = PBXFileReference; explicitFileType = "wrapper.app-extension"; includeInIndex = 0; path = DailyScheduleWidgetExtension.appex; sourceTree = BUILT_PRODUCTS_DIR; };
		D9ED4BC324C3D7CF00F2094D /* WidgetKit.framework */ = {isa = PBXFileReference; lastKnownFileType = wrapper.framework; name = WidgetKit.framework; path = System/Library/Frameworks/WidgetKit.framework; sourceTree = SDKROOT; };
		D9ED4BC524C3D7CF00F2094D /* SwiftUI.framework */ = {isa = PBXFileReference; lastKnownFileType = wrapper.framework; name = SwiftUI.framework; path = System/Library/Frameworks/SwiftUI.framework; sourceTree = SDKROOT; };
		D9ED4BC824C3D7CF00F2094D /* DailyScheduleWidget.swift */ = {isa = PBXFileReference; lastKnownFileType = sourcecode.swift; path = DailyScheduleWidget.swift; sourceTree = "<group>"; };
		D9ED4BCA24C3D7CF00F2094D /* DailyScheduleWidget.intentdefinition */ = {isa = PBXFileReference; lastKnownFileType = file.intentdefinition; path = DailyScheduleWidget.intentdefinition; sourceTree = "<group>"; };
		D9ED4BCB24C3D7D000F2094D /* Assets.xcassets */ = {isa = PBXFileReference; lastKnownFileType = folder.assetcatalog; path = Assets.xcassets; sourceTree = "<group>"; };
		D9ED4BCD24C3D7D000F2094D /* Info.plist */ = {isa = PBXFileReference; lastKnownFileType = text.plist.xml; path = Info.plist; sourceTree = "<group>"; };
		D9ED4BDF24C3E99900F2094D /* Color.swift */ = {isa = PBXFileReference; lastKnownFileType = sourcecode.swift; path = Color.swift; sourceTree = "<group>"; };
		D9ED4BE224C50B6300F2094D /* NotificationHandler.swift */ = {isa = PBXFileReference; lastKnownFileType = sourcecode.swift; path = NotificationHandler.swift; sourceTree = "<group>"; };
/* End PBXFileReference section */

/* Begin PBXFrameworksBuildPhase section */
		D9ED4B7E24C3BDE600F2094D /* Frameworks */ = {
			isa = PBXFrameworksBuildPhase;
			buildActionMask = 2147483647;
			files = (
			);
			runOnlyForDeploymentPostprocessing = 0;
		};
		D9ED4B8F24C3BDE800F2094D /* Frameworks */ = {
			isa = PBXFrameworksBuildPhase;
			buildActionMask = 2147483647;
			files = (
			);
			runOnlyForDeploymentPostprocessing = 0;
		};
		D9ED4B9A24C3BDE800F2094D /* Frameworks */ = {
			isa = PBXFrameworksBuildPhase;
			buildActionMask = 2147483647;
			files = (
			);
			runOnlyForDeploymentPostprocessing = 0;
		};
		D9ED4BBE24C3D7CF00F2094D /* Frameworks */ = {
			isa = PBXFrameworksBuildPhase;
			buildActionMask = 2147483647;
			files = (
				D9ED4BC624C3D7CF00F2094D /* SwiftUI.framework in Frameworks */,
				D9ED4BC424C3D7CF00F2094D /* WidgetKit.framework in Frameworks */,
			);
			runOnlyForDeploymentPostprocessing = 0;
		};
/* End PBXFrameworksBuildPhase section */

/* Begin PBXGroup section */
		D9ED4B7824C3BDE600F2094D = {
			isa = PBXGroup;
			children = (
				D9ED4B8324C3BDE600F2094D /* DailySchedule */,
				D9ED4B9524C3BDE800F2094D /* DailyScheduleTests */,
				D9ED4BA024C3BDE800F2094D /* DailyScheduleUITests */,
				D9ED4BC724C3D7CF00F2094D /* DailyScheduleWidget */,
				D9ED4BC224C3D7CF00F2094D /* Frameworks */,
				D9ED4B8224C3BDE600F2094D /* Products */,
			);
			sourceTree = "<group>";
		};
		D9ED4B8224C3BDE600F2094D /* Products */ = {
			isa = PBXGroup;
			children = (
				D9ED4B8124C3BDE600F2094D /* DailySchedule.app */,
				D9ED4B9224C3BDE800F2094D /* DailyScheduleTests.xctest */,
				D9ED4B9D24C3BDE800F2094D /* DailyScheduleUITests.xctest */,
				D9ED4BC124C3D7CF00F2094D /* DailyScheduleWidgetExtension.appex */,
			);
			name = Products;
			sourceTree = "<group>";
		};
		D9ED4B8324C3BDE600F2094D /* DailySchedule */ = {
			isa = PBXGroup;
			children = (
				D9ED4B8424C3BDE600F2094D /* DailyScheduleApp.swift */,
				D9ED4BB724C3C84100F2094D /* EventView.swift */,
				D9ED4B8824C3BDE700F2094D /* Assets.xcassets */,
				D9ED4B8D24C3BDE700F2094D /* Info.plist */,
				D9ED4B8A24C3BDE700F2094D /* Preview Content */,
				D9ED4BAF24C3BF5C00F2094D /* Day.swift */,
				D9ED4BB124C3BF7B00F2094D /* Event.swift */,
				D9ED4BB324C3C6FF00F2094D /* DayModel.swift */,
				D9ED4BB924C3CBE600F2094D /* DayView.swift */,
				D9ED4BBB24C3D6FC00F2094D /* LabelWorkaround.swift */,
				D9ED4BDF24C3E99900F2094D /* Color.swift */,
				D9ED4BE224C50B6300F2094D /* NotificationHandler.swift */,
				D9ADCCEB24C79ABA00F559AB /* WeekView.swift */,
			);
			path = DailySchedule;
			sourceTree = "<group>";
		};
		D9ED4B8A24C3BDE700F2094D /* Preview Content */ = {
			isa = PBXGroup;
			children = (
				D9ED4B8B24C3BDE700F2094D /* Preview Assets.xcassets */,
			);
			path = "Preview Content";
			sourceTree = "<group>";
		};
		D9ED4B9524C3BDE800F2094D /* DailyScheduleTests */ = {
			isa = PBXGroup;
			children = (
				D9ED4B9624C3BDE800F2094D /* DailyScheduleTests.swift */,
				D9ED4B9824C3BDE800F2094D /* Info.plist */,
			);
			path = DailyScheduleTests;
			sourceTree = "<group>";
		};
		D9ED4BA024C3BDE800F2094D /* DailyScheduleUITests */ = {
			isa = PBXGroup;
			children = (
				D9ED4BA124C3BDE800F2094D /* DailyScheduleUITests.swift */,
				D9ED4BA324C3BDE800F2094D /* Info.plist */,
			);
			path = DailyScheduleUITests;
			sourceTree = "<group>";
		};
		D9ED4BC224C3D7CF00F2094D /* Frameworks */ = {
			isa = PBXGroup;
			children = (
				D9ED4BC324C3D7CF00F2094D /* WidgetKit.framework */,
				D9ED4BC524C3D7CF00F2094D /* SwiftUI.framework */,
			);
			name = Frameworks;
			sourceTree = "<group>";
		};
		D9ED4BC724C3D7CF00F2094D /* DailyScheduleWidget */ = {
			isa = PBXGroup;
			children = (
				D9ED4BC824C3D7CF00F2094D /* DailyScheduleWidget.swift */,
				D9ED4BCA24C3D7CF00F2094D /* DailyScheduleWidget.intentdefinition */,
				D9ED4BCB24C3D7D000F2094D /* Assets.xcassets */,
				D9ED4BCD24C3D7D000F2094D /* Info.plist */,
			);
			path = DailyScheduleWidget;
			sourceTree = "<group>";
		};
/* End PBXGroup section */

/* Begin PBXNativeTarget section */
		D9ED4B8024C3BDE600F2094D /* DailySchedule */ = {
			isa = PBXNativeTarget;
			buildConfigurationList = D9ED4BA624C3BDE800F2094D /* Build configuration list for PBXNativeTarget "DailySchedule" */;
			buildPhases = (
				D9ED4B7D24C3BDE600F2094D /* Sources */,
				D9ED4B7E24C3BDE600F2094D /* Frameworks */,
				D9ED4B7F24C3BDE600F2094D /* Resources */,
				D9ED4BD624C3D7D000F2094D /* Embed App Extensions */,
			);
			buildRules = (
			);
			dependencies = (
				D9ED4BD124C3D7D000F2094D /* PBXTargetDependency */,
			);
			name = DailySchedule;
			productName = DailySchedule;
			productReference = D9ED4B8124C3BDE600F2094D /* DailySchedule.app */;
			productType = "com.apple.product-type.application";
		};
		D9ED4B9124C3BDE800F2094D /* DailyScheduleTests */ = {
			isa = PBXNativeTarget;
			buildConfigurationList = D9ED4BA924C3BDE800F2094D /* Build configuration list for PBXNativeTarget "DailyScheduleTests" */;
			buildPhases = (
				D9ED4B8E24C3BDE800F2094D /* Sources */,
				D9ED4B8F24C3BDE800F2094D /* Frameworks */,
				D9ED4B9024C3BDE800F2094D /* Resources */,
			);
			buildRules = (
			);
			dependencies = (
				D9ED4B9424C3BDE800F2094D /* PBXTargetDependency */,
			);
			name = DailyScheduleTests;
			productName = DailyScheduleTests;
			productReference = D9ED4B9224C3BDE800F2094D /* DailyScheduleTests.xctest */;
			productType = "com.apple.product-type.bundle.unit-test";
		};
		D9ED4B9C24C3BDE800F2094D /* DailyScheduleUITests */ = {
			isa = PBXNativeTarget;
			buildConfigurationList = D9ED4BAC24C3BDE800F2094D /* Build configuration list for PBXNativeTarget "DailyScheduleUITests" */;
			buildPhases = (
				D9ED4B9924C3BDE800F2094D /* Sources */,
				D9ED4B9A24C3BDE800F2094D /* Frameworks */,
				D9ED4B9B24C3BDE800F2094D /* Resources */,
			);
			buildRules = (
			);
			dependencies = (
				D9ED4B9F24C3BDE800F2094D /* PBXTargetDependency */,
			);
			name = DailyScheduleUITests;
			productName = DailyScheduleUITests;
			productReference = D9ED4B9D24C3BDE800F2094D /* DailyScheduleUITests.xctest */;
			productType = "com.apple.product-type.bundle.ui-testing";
		};
		D9ED4BC024C3D7CF00F2094D /* DailyScheduleWidgetExtension */ = {
			isa = PBXNativeTarget;
			buildConfigurationList = D9ED4BD324C3D7D000F2094D /* Build configuration list for PBXNativeTarget "DailyScheduleWidgetExtension" */;
			buildPhases = (
				D9ED4BBD24C3D7CF00F2094D /* Sources */,
				D9ED4BBE24C3D7CF00F2094D /* Frameworks */,
				D9ED4BBF24C3D7CF00F2094D /* Resources */,
			);
			buildRules = (
			);
			dependencies = (
			);
			name = DailyScheduleWidgetExtension;
			productName = DailyScheduleWidgetExtension;
			productReference = D9ED4BC124C3D7CF00F2094D /* DailyScheduleWidgetExtension.appex */;
			productType = "com.apple.product-type.app-extension";
		};
/* End PBXNativeTarget section */

/* Begin PBXProject section */
		D9ED4B7924C3BDE600F2094D /* Project object */ = {
			isa = PBXProject;
			attributes = {
				LastSwiftUpdateCheck = 1200;
				LastUpgradeCheck = 1200;
				TargetAttributes = {
					D9ED4B8024C3BDE600F2094D = {
						CreatedOnToolsVersion = 12.0;
					};
					D9ED4B9124C3BDE800F2094D = {
						CreatedOnToolsVersion = 12.0;
						TestTargetID = D9ED4B8024C3BDE600F2094D;
					};
					D9ED4B9C24C3BDE800F2094D = {
						CreatedOnToolsVersion = 12.0;
						TestTargetID = D9ED4B8024C3BDE600F2094D;
					};
					D9ED4BC024C3D7CF00F2094D = {
						CreatedOnToolsVersion = 12.0;
					};
				};
			};
			buildConfigurationList = D9ED4B7C24C3BDE600F2094D /* Build configuration list for PBXProject "DailySchedule" */;
			compatibilityVersion = "Xcode 9.3";
			developmentRegion = en;
			hasScannedForEncodings = 0;
			knownRegions = (
				en,
				Base,
			);
			mainGroup = D9ED4B7824C3BDE600F2094D;
			productRefGroup = D9ED4B8224C3BDE600F2094D /* Products */;
			projectDirPath = "";
			projectRoot = "";
			targets = (
				D9ED4B8024C3BDE600F2094D /* DailySchedule */,
				D9ED4B9124C3BDE800F2094D /* DailyScheduleTests */,
				D9ED4B9C24C3BDE800F2094D /* DailyScheduleUITests */,
				D9ED4BC024C3D7CF00F2094D /* DailyScheduleWidgetExtension */,
			);
		};
/* End PBXProject section */

/* Begin PBXResourcesBuildPhase section */
		D9ED4B7F24C3BDE600F2094D /* Resources */ = {
			isa = PBXResourcesBuildPhase;
			buildActionMask = 2147483647;
			files = (
				D9ED4B8C24C3BDE700F2094D /* Preview Assets.xcassets in Resources */,
				D9ED4B8924C3BDE700F2094D /* Assets.xcassets in Resources */,
			);
			runOnlyForDeploymentPostprocessing = 0;
		};
		D9ED4B9024C3BDE800F2094D /* Resources */ = {
			isa = PBXResourcesBuildPhase;
			buildActionMask = 2147483647;
			files = (
			);
			runOnlyForDeploymentPostprocessing = 0;
		};
		D9ED4B9B24C3BDE800F2094D /* Resources */ = {
			isa = PBXResourcesBuildPhase;
			buildActionMask = 2147483647;
			files = (
			);
			runOnlyForDeploymentPostprocessing = 0;
		};
		D9ED4BBF24C3D7CF00F2094D /* Resources */ = {
			isa = PBXResourcesBuildPhase;
			buildActionMask = 2147483647;
			files = (
				D9ED4BCC24C3D7D000F2094D /* Assets.xcassets in Resources */,
			);
			runOnlyForDeploymentPostprocessing = 0;
		};
/* End PBXResourcesBuildPhase section */

/* Begin PBXSourcesBuildPhase section */
		D9ED4B7D24C3BDE600F2094D /* Sources */ = {
			isa = PBXSourcesBuildPhase;
			buildActionMask = 2147483647;
			files = (
				D9ED4BBA24C3CBE600F2094D /* DayView.swift in Sources */,
				D9ED4BCF24C3D7D000F2094D /* DailyScheduleWidget.intentdefinition in Sources */,
				D9ED4BB224C3BF7B00F2094D /* Event.swift in Sources */,
				D9ED4BB424C3C6FF00F2094D /* DayModel.swift in Sources */,
				D9ED4BB824C3C84100F2094D /* EventView.swift in Sources */,
				D9ED4B8524C3BDE600F2094D /* DailyScheduleApp.swift in Sources */,
				D9ED4BBC24C3D6FC00F2094D /* LabelWorkaround.swift in Sources */,
				D9ADCCEC24C79ABA00F559AB /* WeekView.swift in Sources */,
				D9ED4BE324C50B6300F2094D /* NotificationHandler.swift in Sources */,
				D9ED4BB024C3BF5C00F2094D /* Day.swift in Sources */,
				D9ED4BE024C3E99900F2094D /* Color.swift in Sources */,
			);
			runOnlyForDeploymentPostprocessing = 0;
		};
		D9ED4B8E24C3BDE800F2094D /* Sources */ = {
			isa = PBXSourcesBuildPhase;
			buildActionMask = 2147483647;
			files = (
				D9ED4B9724C3BDE800F2094D /* DailyScheduleTests.swift in Sources */,
			);
			runOnlyForDeploymentPostprocessing = 0;
		};
		D9ED4B9924C3BDE800F2094D /* Sources */ = {
			isa = PBXSourcesBuildPhase;
			buildActionMask = 2147483647;
			files = (
				D9ED4BA224C3BDE800F2094D /* DailyScheduleUITests.swift in Sources */,
			);
			runOnlyForDeploymentPostprocessing = 0;
		};
		D9ED4BBD24C3D7CF00F2094D /* Sources */ = {
			isa = PBXSourcesBuildPhase;
			buildActionMask = 2147483647;
			files = (
				D9ED4BDC24C3DA4B00F2094D /* DayModel.swift in Sources */,
				D9ED4BDA24C3DA4B00F2094D /* Event.swift in Sources */,
				D9ED4BD924C3DA4B00F2094D /* EventView.swift in Sources */,
				D9ED4BC924C3D7CF00F2094D /* DailyScheduleWidget.swift in Sources */,
				D9ED4BDB24C3DA4B00F2094D /* Day.swift in Sources */,
				D9ED4BE124C3EA4B00F2094D /* Color.swift in Sources */,
				D9ED4BDE24C3E22600F2094D /* LabelWorkaround.swift in Sources */,
				D9ED4BCE24C3D7D000F2094D /* DailyScheduleWidget.intentdefinition in Sources */,
			);
			runOnlyForDeploymentPostprocessing = 0;
		};
/* End PBXSourcesBuildPhase section */

/* Begin PBXTargetDependency section */
		D9ED4B9424C3BDE800F2094D /* PBXTargetDependency */ = {
			isa = PBXTargetDependency;
			target = D9ED4B8024C3BDE600F2094D /* DailySchedule */;
			targetProxy = D9ED4B9324C3BDE800F2094D /* PBXContainerItemProxy */;
		};
		D9ED4B9F24C3BDE800F2094D /* PBXTargetDependency */ = {
			isa = PBXTargetDependency;
			target = D9ED4B8024C3BDE600F2094D /* DailySchedule */;
			targetProxy = D9ED4B9E24C3BDE800F2094D /* PBXContainerItemProxy */;
		};
		D9ED4BD124C3D7D000F2094D /* PBXTargetDependency */ = {
			isa = PBXTargetDependency;
			target = D9ED4BC024C3D7CF00F2094D /* DailyScheduleWidgetExtension */;
			targetProxy = D9ED4BD024C3D7D000F2094D /* PBXContainerItemProxy */;
		};
/* End PBXTargetDependency section */

/* Begin XCBuildConfiguration section */
		D9ED4BA424C3BDE800F2094D /* Debug */ = {
			isa = XCBuildConfiguration;
			buildSettings = {
				ALWAYS_SEARCH_USER_PATHS = NO;
				CLANG_ANALYZER_NONNULL = YES;
				CLANG_ANALYZER_NUMBER_OBJECT_CONVERSION = YES_AGGRESSIVE;
				CLANG_CXX_LANGUAGE_STANDARD = "gnu++14";
				CLANG_CXX_LIBRARY = "libc++";
				CLANG_ENABLE_MODULES = YES;
				CLANG_ENABLE_OBJC_ARC = YES;
				CLANG_ENABLE_OBJC_WEAK = YES;
				CLANG_WARN_BLOCK_CAPTURE_AUTORELEASING = YES;
				CLANG_WARN_BOOL_CONVERSION = YES;
				CLANG_WARN_COMMA = YES;
				CLANG_WARN_CONSTANT_CONVERSION = YES;
				CLANG_WARN_DEPRECATED_OBJC_IMPLEMENTATIONS = YES;
				CLANG_WARN_DIRECT_OBJC_ISA_USAGE = YES_ERROR;
				CLANG_WARN_DOCUMENTATION_COMMENTS = YES;
				CLANG_WARN_EMPTY_BODY = YES;
				CLANG_WARN_ENUM_CONVERSION = YES;
				CLANG_WARN_INFINITE_RECURSION = YES;
				CLANG_WARN_INT_CONVERSION = YES;
				CLANG_WARN_NON_LITERAL_NULL_CONVERSION = YES;
				CLANG_WARN_OBJC_IMPLICIT_RETAIN_SELF = YES;
				CLANG_WARN_OBJC_LITERAL_CONVERSION = YES;
				CLANG_WARN_OBJC_ROOT_CLASS = YES_ERROR;
				CLANG_WARN_QUOTED_INCLUDE_IN_FRAMEWORK_HEADER = YES;
				CLANG_WARN_RANGE_LOOP_ANALYSIS = YES;
				CLANG_WARN_STRICT_PROTOTYPES = YES;
				CLANG_WARN_SUSPICIOUS_MOVE = YES;
				CLANG_WARN_UNGUARDED_AVAILABILITY = YES_AGGRESSIVE;
				CLANG_WARN_UNREACHABLE_CODE = YES;
				CLANG_WARN__DUPLICATE_METHOD_MATCH = YES;
				COPY_PHASE_STRIP = NO;
				DEBUG_INFORMATION_FORMAT = dwarf;
				ENABLE_STRICT_OBJC_MSGSEND = YES;
				ENABLE_TESTABILITY = YES;
				GCC_C_LANGUAGE_STANDARD = gnu11;
				GCC_DYNAMIC_NO_PIC = NO;
				GCC_NO_COMMON_BLOCKS = YES;
				GCC_OPTIMIZATION_LEVEL = 0;
				GCC_PREPROCESSOR_DEFINITIONS = (
					"DEBUG=1",
					"$(inherited)",
				);
				GCC_WARN_64_TO_32_BIT_CONVERSION = YES;
				GCC_WARN_ABOUT_RETURN_TYPE = YES_ERROR;
				GCC_WARN_UNDECLARED_SELECTOR = YES;
				GCC_WARN_UNINITIALIZED_AUTOS = YES_AGGRESSIVE;
				GCC_WARN_UNUSED_FUNCTION = YES;
				GCC_WARN_UNUSED_VARIABLE = YES;
				IPHONEOS_DEPLOYMENT_TARGET = 14.0;
				MTL_ENABLE_DEBUG_INFO = INCLUDE_SOURCE;
				MTL_FAST_MATH = YES;
				ONLY_ACTIVE_ARCH = YES;
				SDKROOT = iphoneos;
				SWIFT_ACTIVE_COMPILATION_CONDITIONS = DEBUG;
				SWIFT_OPTIMIZATION_LEVEL = "-Onone";
			};
			name = Debug;
		};
		D9ED4BA524C3BDE800F2094D /* Release */ = {
			isa = XCBuildConfiguration;
			buildSettings = {
				ALWAYS_SEARCH_USER_PATHS = NO;
				CLANG_ANALYZER_NONNULL = YES;
				CLANG_ANALYZER_NUMBER_OBJECT_CONVERSION = YES_AGGRESSIVE;
				CLANG_CXX_LANGUAGE_STANDARD = "gnu++14";
				CLANG_CXX_LIBRARY = "libc++";
				CLANG_ENABLE_MODULES = YES;
				CLANG_ENABLE_OBJC_ARC = YES;
				CLANG_ENABLE_OBJC_WEAK = YES;
				CLANG_WARN_BLOCK_CAPTURE_AUTORELEASING = YES;
				CLANG_WARN_BOOL_CONVERSION = YES;
				CLANG_WARN_COMMA = YES;
				CLANG_WARN_CONSTANT_CONVERSION = YES;
				CLANG_WARN_DEPRECATED_OBJC_IMPLEMENTATIONS = YES;
				CLANG_WARN_DIRECT_OBJC_ISA_USAGE = YES_ERROR;
				CLANG_WARN_DOCUMENTATION_COMMENTS = YES;
				CLANG_WARN_EMPTY_BODY = YES;
				CLANG_WARN_ENUM_CONVERSION = YES;
				CLANG_WARN_INFINITE_RECURSION = YES;
				CLANG_WARN_INT_CONVERSION = YES;
				CLANG_WARN_NON_LITERAL_NULL_CONVERSION = YES;
				CLANG_WARN_OBJC_IMPLICIT_RETAIN_SELF = YES;
				CLANG_WARN_OBJC_LITERAL_CONVERSION = YES;
				CLANG_WARN_OBJC_ROOT_CLASS = YES_ERROR;
				CLANG_WARN_QUOTED_INCLUDE_IN_FRAMEWORK_HEADER = YES;
				CLANG_WARN_RANGE_LOOP_ANALYSIS = YES;
				CLANG_WARN_STRICT_PROTOTYPES = YES;
				CLANG_WARN_SUSPICIOUS_MOVE = YES;
				CLANG_WARN_UNGUARDED_AVAILABILITY = YES_AGGRESSIVE;
				CLANG_WARN_UNREACHABLE_CODE = YES;
				CLANG_WARN__DUPLICATE_METHOD_MATCH = YES;
				COPY_PHASE_STRIP = NO;
				DEBUG_INFORMATION_FORMAT = "dwarf-with-dsym";
				ENABLE_NS_ASSERTIONS = NO;
				ENABLE_STRICT_OBJC_MSGSEND = YES;
				GCC_C_LANGUAGE_STANDARD = gnu11;
				GCC_NO_COMMON_BLOCKS = YES;
				GCC_WARN_64_TO_32_BIT_CONVERSION = YES;
				GCC_WARN_ABOUT_RETURN_TYPE = YES_ERROR;
				GCC_WARN_UNDECLARED_SELECTOR = YES;
				GCC_WARN_UNINITIALIZED_AUTOS = YES_AGGRESSIVE;
				GCC_WARN_UNUSED_FUNCTION = YES;
				GCC_WARN_UNUSED_VARIABLE = YES;
				IPHONEOS_DEPLOYMENT_TARGET = 14.0;
				MTL_ENABLE_DEBUG_INFO = NO;
				MTL_FAST_MATH = YES;
				SDKROOT = iphoneos;
				SWIFT_COMPILATION_MODE = wholemodule;
				SWIFT_OPTIMIZATION_LEVEL = "-O";
				VALIDATE_PRODUCT = YES;
			};
			name = Release;
		};
		D9ED4BA724C3BDE800F2094D /* Debug */ = {
			isa = XCBuildConfiguration;
			buildSettings = {
				ALWAYS_EMBED_SWIFT_STANDARD_LIBRARIES = YES;
				ASSETCATALOG_COMPILER_APPICON_NAME = AppIcon;
				ASSETCATALOG_COMPILER_GLOBAL_ACCENT_COLOR_NAME = AccentColor;
				CODE_SIGN_STYLE = Automatic;
				DEVELOPMENT_ASSET_PATHS = "\"DailySchedule/Preview Content\"";
				DEVELOPMENT_TEAM = SJ2JB357J3;
				ENABLE_PREVIEWS = YES;
				INFOPLIST_FILE = DailySchedule/Info.plist;
				IPHONEOS_DEPLOYMENT_TARGET = 14.0;
				LD_RUNPATH_SEARCH_PATHS = (
					"$(inherited)",
					"@executable_path/Frameworks",
				);
				PRODUCT_BUNDLE_IDENTIFIER = io.sabrinabea.DailySchedule;
				PRODUCT_NAME = "$(TARGET_NAME)";
				SWIFT_VERSION = 5.0;
				TARGETED_DEVICE_FAMILY = "1,2";
			};
			name = Debug;
		};
		D9ED4BA824C3BDE800F2094D /* Release */ = {
			isa = XCBuildConfiguration;
			buildSettings = {
				ALWAYS_EMBED_SWIFT_STANDARD_LIBRARIES = YES;
				ASSETCATALOG_COMPILER_APPICON_NAME = AppIcon;
				ASSETCATALOG_COMPILER_GLOBAL_ACCENT_COLOR_NAME = AccentColor;
				CODE_SIGN_STYLE = Automatic;
				DEVELOPMENT_ASSET_PATHS = "\"DailySchedule/Preview Content\"";
				DEVELOPMENT_TEAM = SJ2JB357J3;
				ENABLE_PREVIEWS = YES;
				INFOPLIST_FILE = DailySchedule/Info.plist;
				IPHONEOS_DEPLOYMENT_TARGET = 14.0;
				LD_RUNPATH_SEARCH_PATHS = (
					"$(inherited)",
					"@executable_path/Frameworks",
				);
				PRODUCT_BUNDLE_IDENTIFIER = io.sabrinabea.DailySchedule;
				PRODUCT_NAME = "$(TARGET_NAME)";
				SWIFT_VERSION = 5.0;
				TARGETED_DEVICE_FAMILY = "1,2";
			};
			name = Release;
		};
		D9ED4BAA24C3BDE800F2094D /* Debug */ = {
			isa = XCBuildConfiguration;
			buildSettings = {
				ALWAYS_EMBED_SWIFT_STANDARD_LIBRARIES = YES;
				BUNDLE_LOADER = "$(TEST_HOST)";
				CODE_SIGN_STYLE = Automatic;
				DEVELOPMENT_TEAM = SJ2JB357J3;
				INFOPLIST_FILE = DailyScheduleTests/Info.plist;
				IPHONEOS_DEPLOYMENT_TARGET = 14.0;
				LD_RUNPATH_SEARCH_PATHS = (
					"$(inherited)",
					"@executable_path/Frameworks",
					"@loader_path/Frameworks",
				);
				PRODUCT_BUNDLE_IDENTIFIER = io.sabrinabea.DailyScheduleTests;
				PRODUCT_NAME = "$(TARGET_NAME)";
				SWIFT_VERSION = 5.0;
				TARGETED_DEVICE_FAMILY = "1,2";
				TEST_HOST = "$(BUILT_PRODUCTS_DIR)/DailySchedule.app/DailySchedule";
			};
			name = Debug;
		};
		D9ED4BAB24C3BDE800F2094D /* Release */ = {
			isa = XCBuildConfiguration;
			buildSettings = {
				ALWAYS_EMBED_SWIFT_STANDARD_LIBRARIES = YES;
				BUNDLE_LOADER = "$(TEST_HOST)";
				CODE_SIGN_STYLE = Automatic;
				DEVELOPMENT_TEAM = SJ2JB357J3;
				INFOPLIST_FILE = DailyScheduleTests/Info.plist;
				IPHONEOS_DEPLOYMENT_TARGET = 14.0;
				LD_RUNPATH_SEARCH_PATHS = (
					"$(inherited)",
					"@executable_path/Frameworks",
					"@loader_path/Frameworks",
				);
				PRODUCT_BUNDLE_IDENTIFIER = io.sabrinabea.DailyScheduleTests;
				PRODUCT_NAME = "$(TARGET_NAME)";
				SWIFT_VERSION = 5.0;
				TARGETED_DEVICE_FAMILY = "1,2";
				TEST_HOST = "$(BUILT_PRODUCTS_DIR)/DailySchedule.app/DailySchedule";
			};
			name = Release;
		};
		D9ED4BAD24C3BDE800F2094D /* Debug */ = {
			isa = XCBuildConfiguration;
			buildSettings = {
				ALWAYS_EMBED_SWIFT_STANDARD_LIBRARIES = YES;
				CODE_SIGN_STYLE = Automatic;
				DEVELOPMENT_TEAM = SJ2JB357J3;
				INFOPLIST_FILE = DailyScheduleUITests/Info.plist;
				LD_RUNPATH_SEARCH_PATHS = (
					"$(inherited)",
					"@executable_path/Frameworks",
					"@loader_path/Frameworks",
				);
				PRODUCT_BUNDLE_IDENTIFIER = io.sabrinabea.DailyScheduleUITests;
				PRODUCT_NAME = "$(TARGET_NAME)";
				SWIFT_VERSION = 5.0;
				TARGETED_DEVICE_FAMILY = "1,2";
				TEST_TARGET_NAME = DailySchedule;
			};
			name = Debug;
		};
		D9ED4BAE24C3BDE800F2094D /* Release */ = {
			isa = XCBuildConfiguration;
			buildSettings = {
				ALWAYS_EMBED_SWIFT_STANDARD_LIBRARIES = YES;
				CODE_SIGN_STYLE = Automatic;
				DEVELOPMENT_TEAM = SJ2JB357J3;
				INFOPLIST_FILE = DailyScheduleUITests/Info.plist;
				LD_RUNPATH_SEARCH_PATHS = (
					"$(inherited)",
					"@executable_path/Frameworks",
					"@loader_path/Frameworks",
				);
				PRODUCT_BUNDLE_IDENTIFIER = io.sabrinabea.DailyScheduleUITests;
				PRODUCT_NAME = "$(TARGET_NAME)";
				SWIFT_VERSION = 5.0;
				TARGETED_DEVICE_FAMILY = "1,2";
				TEST_TARGET_NAME = DailySchedule;
			};
			name = Release;
		};
		D9ED4BD424C3D7D000F2094D /* Debug */ = {
			isa = XCBuildConfiguration;
			buildSettings = {
				ASSETCATALOG_COMPILER_GLOBAL_ACCENT_COLOR_NAME = AccentColor;
				ASSETCATALOG_COMPILER_WIDGET_BACKGROUND_COLOR_NAME = WidgetBackground;
				CODE_SIGN_STYLE = Automatic;
				DEVELOPMENT_TEAM = SJ2JB357J3;
				INFOPLIST_FILE = DailyScheduleWidget/Info.plist;
				LD_RUNPATH_SEARCH_PATHS = (
					"$(inherited)",
					"@executable_path/Frameworks",
					"@executable_path/../../Frameworks",
				);
				PRODUCT_BUNDLE_IDENTIFIER = io.sabrinabea.DailySchedule.DailyScheduleWidget;
				PRODUCT_NAME = "$(TARGET_NAME)";
				SKIP_INSTALL = YES;
				SWIFT_VERSION = 5.0;
				TARGETED_DEVICE_FAMILY = "1,2";
			};
			name = Debug;
		};
		D9ED4BD524C3D7D000F2094D /* Release */ = {
			isa = XCBuildConfiguration;
			buildSettings = {
				ASSETCATALOG_COMPILER_GLOBAL_ACCENT_COLOR_NAME = AccentColor;
				ASSETCATALOG_COMPILER_WIDGET_BACKGROUND_COLOR_NAME = WidgetBackground;
				CODE_SIGN_STYLE = Automatic;
				DEVELOPMENT_TEAM = SJ2JB357J3;
				INFOPLIST_FILE = DailyScheduleWidget/Info.plist;
				LD_RUNPATH_SEARCH_PATHS = (
					"$(inherited)",
					"@executable_path/Frameworks",
					"@executable_path/../../Frameworks",
				);
				PRODUCT_BUNDLE_IDENTIFIER = io.sabrinabea.DailySchedule.DailyScheduleWidget;
				PRODUCT_NAME = "$(TARGET_NAME)";
				SKIP_INSTALL = YES;
				SWIFT_VERSION = 5.0;
				TARGETED_DEVICE_FAMILY = "1,2";
			};
			name = Release;
		};
/* End XCBuildConfiguration section */

/* Begin XCConfigurationList section */
		D9ED4B7C24C3BDE600F2094D /* Build configuration list for PBXProject "DailySchedule" */ = {
			isa = XCConfigurationList;
			buildConfigurations = (
				D9ED4BA424C3BDE800F2094D /* Debug */,
				D9ED4BA524C3BDE800F2094D /* Release */,
			);
			defaultConfigurationIsVisible = 0;
			defaultConfigurationName = Release;
		};
		D9ED4BA624C3BDE800F2094D /* Build configuration list for PBXNativeTarget "DailySchedule" */ = {
			isa = XCConfigurationList;
			buildConfigurations = (
				D9ED4BA724C3BDE800F2094D /* Debug */,
				D9ED4BA824C3BDE800F2094D /* Release */,
			);
			defaultConfigurationIsVisible = 0;
			defaultConfigurationName = Release;
		};
		D9ED4BA924C3BDE800F2094D /* Build configuration list for PBXNativeTarget "DailyScheduleTests" */ = {
			isa = XCConfigurationList;
			buildConfigurations = (
				D9ED4BAA24C3BDE800F2094D /* Debug */,
				D9ED4BAB24C3BDE800F2094D /* Release */,
			);
			defaultConfigurationIsVisible = 0;
			defaultConfigurationName = Release;
		};
		D9ED4BAC24C3BDE800F2094D /* Build configuration list for PBXNativeTarget "DailyScheduleUITests" */ = {
			isa = XCConfigurationList;
			buildConfigurations = (
				D9ED4BAD24C3BDE800F2094D /* Debug */,
				D9ED4BAE24C3BDE800F2094D /* Release */,
			);
			defaultConfigurationIsVisible = 0;
			defaultConfigurationName = Release;
		};
		D9ED4BD324C3D7D000F2094D /* Build configuration list for PBXNativeTarget "DailyScheduleWidgetExtension" */ = {
			isa = XCConfigurationList;
			buildConfigurations = (
				D9ED4BD424C3D7D000F2094D /* Debug */,
				D9ED4BD524C3D7D000F2094D /* Release */,
			);
			defaultConfigurationIsVisible = 0;
			defaultConfigurationName = Release;
		};
/* End XCConfigurationList section */
	};
	rootObject = D9ED4B7924C3BDE600F2094D /* Project object */;
}
